
Microsoft Visual Studio Solution File, Format Version 10.00
# Visual Studio 2008
Project("{8BC9CEB8-8B4A-11D0-8D11-00A0C91BC942}") = "DBMS_graph", "DBMS_graph\DBMS_graph.vcproj", "{368F51E8-D512-428C-AAFA-17F8B3717A7E}"
EndProject
Global
	GlobalSection(SolutionConfigurationPlatforms) = preSolution
		Debug|Win32 = Debug|Win32
		Release|Win32 = Release|Win32
	EndGlobalSection
	GlobalSection(ProjectConfigurationPlatforms) = postSolution
		{368F51E8-D512-428C-AAFA-17F8B3717A7E}.Debug|Win32.ActiveCfg = Debug|Win32
		{368F51E8-D512-428C-AAFA-17F8B3717A7E}.Debug|Win32.Build.0 = Debug|Win32
		{368F51E8-D512-428C-AAFA-17F8B3717A7E}.Release|Win32.ActiveCfg = Release|Win32
		{368F51E8-D512-428C-AAFA-17F8B3717A7E}.Release|Win32.Build.0 = Release|Win32
	EndGlobalSection
	GlobalSection(SolutionProperties) = preSolution
		HideSolutionNode = FALSE
	EndGlobalSection
EndGlobal
